// !$*UTF8*$!
{
	archiveVersion = 1;
	classes = {
	};
	objectVersion = 50;
	objects = {

/* Begin PBXBuildFile section */
		FBA4DE7E2436E0BE0068A6F2 /* AppDelegate.swift in Sources */ = {isa = PBXBuildFile; fileRef = FBA4DE7D2436E0BE0068A6F2 /* AppDelegate.swift */; };
		FBA4DE802436E0BE0068A6F2 /* SceneDelegate.swift in Sources */ = {isa = PBXBuildFile; fileRef = FBA4DE7F2436E0BE0068A6F2 /* SceneDelegate.swift */; };
		FBA4DE822436E0BE0068A6F2 /* ViewController.swift in Sources */ = {isa = PBXBuildFile; fileRef = FBA4DE812436E0BE0068A6F2 /* ViewController.swift */; };
		FBA4DE852436E0BE0068A6F2 /* Main.storyboard in Resources */ = {isa = PBXBuildFile; fileRef = FBA4DE832436E0BE0068A6F2 /* Main.storyboard */; };
		FBA4DE872436E0C20068A6F2 /* Assets.xcassets in Resources */ = {isa = PBXBuildFile; fileRef = FBA4DE862436E0C20068A6F2 /* Assets.xcassets */; };
		FBA4DE8A2436E0C20068A6F2 /* LaunchScreen.storyboard in Resources */ = {isa = PBXBuildFile; fileRef = FBA4DE882436E0C20068A6F2 /* LaunchScreen.storyboard */; };
/* End PBXBuildFile section */

/* Begin PBXFileReference section */
		FBA4DE7A2436E0BE0068A6F2 /* AttributeString.app */ = {isa = PBXFileReference; explicitFileType = wrapper.application; includeInIndex = 0; path = AttributeString.app; sourceTree = BUILT_PRODUCTS_DIR; };
		FBA4DE7D2436E0BE0068A6F2 /* AppDelegate.swift */ = {isa = PBXFileReference; lastKnownFileType = sourcecode.swift; path = AppDelegate.swift; sourceTree = "<group>"; };
		FBA4DE7F2436E0BE0068A6F2 /* SceneDelegate.swift */ = {isa = PBXFileReference; lastKnownFileType = sourcecode.swift; path = SceneDelegate.swift; sourceTree = "<group>"; };
		FBA4DE812436E0BE0068A6F2 /* ViewController.swift */ = {isa = PBXFileReference; lastKnownFileType = sourcecode.swift; path = ViewController.swift; sourceTree = "<group>"; };
		FBA4DE842436E0BE0068A6F2 /* Base */ = {isa = PBXFileReference; lastKnownFileType = file.storyboard; name = Base; path = Base.lproj/Main.storyboard; sourceTree = "<group>"; };
		FBA4DE862436E0C20068A6F2 /* Assets.xcassets */ = {isa = PBXFileReference; lastKnownFileType = folder.assetcatalog; path = Assets.xcassets; sourceTree = "<group>"; };
		FBA4DE892436E0C20068A6F2 /* Base */ = {isa = PBXFileReference; lastKnownFileType = file.storyboard; name = Base; path = Base.lproj/LaunchScreen.storyboard; sourceTree = "<group>"; };
		FBA4DE8B2436E0C20068A6F2 /* Info.plist */ = {isa = PBXFileReference; lastKnownFileType = text.plist.xml; path = Info.plist; sourceTree = "<group>"; };
/* End PBXFileReference section */

/* Begin PBXFrameworksBuildPhase section */
		FBA4DE772436E0BE0068A6F2 /* Frameworks */ = {
			isa = PBXFrameworksBuildPhase;
			buildActionMask = 2147483647;
			files = (
			);
			runOnlyForDeploymentPostprocessing = 0;
		};
/* End PBXFrameworksBuildPhase section */

/* Begin PBXGroup section */
		FBA4DE712436E0BE0068A6F2 = {
			isa = PBXGroup;
			children = (
				FBA4DE7C2436E0BE0068A6F2 /* AttributeString */,
				FBA4DE7B2436E0BE0068A6F2 /* Products */,
			);
			sourceTree = "<group>";
		};
		FBA4DE7B2436E0BE0068A6F2 /* Products */ = {
			isa = PBXGroup;
			children = (
				FBA4DE7A2436E0BE0068A6F2 /* AttributeString.app */,
			);
			name = Products;
			sourceTree = "<group>";
		};
		FBA4DE7C2436E0BE0068A6F2 /* AttributeString */ = {
			isa = PBXGroup;
			children = (
				FBA4DE7D2436E0BE0068A6F2 /* AppDelegate.swift */,
				FBA4DE7F2436E0BE0068A6F2 /* SceneDelegate.swift */,
				FBA4DE812436E0BE0068A6F2 /* ViewController.swift */,
				FBA4DE832436E0BE0068A6F2 /* Main.storyboard */,
				FBA4DE862436E0C20068A6F2 /* Assets.xcassets */,
				FBA4DE882436E0C20068A6F2 /* LaunchScreen.storyboard */,
				FBA4DE8B2436E0C20068A6F2 /* Info.plist */,
			);
			path = AttributeString;
			sourceTree = "<group>";
		};
/* End PBXGroup section */

/* Begin PBXNativeTarget section */
		FBA4DE792436E0BE0068A6F2 /* AttributeString */ = {
			isa = PBXNativeTarget;
			buildConfigurationList = FBA4DE8E2436E0C20068A6F2 /* Build configuration list for PBXNativeTarget "AttributeString" */;
			buildPhases = (
				FBA4DE762436E0BE0068A6F2 /* Sources */,
				FBA4DE772436E0BE0068A6F2 /* Frameworks */,
				FBA4DE782436E0BE0068A6F2 /* Resources */,
			);
			buildRules = (
			);
			dependencies = (
			);
			name = AttributeString;
			productName = AttributeString;
			productReference = FBA4DE7A2436E0BE0068A6F2 /* AttributeString.app */;
			productType = "com.apple.product-type.application";
		};
/* End PBXNativeTarget section */

/* Begin PBXProject section */
		FBA4DE722436E0BE0068A6F2 /* Project object */ = {
			isa = PBXProject;
			attributes = {
				LastSwiftUpdateCheck = 1140;
				LastUpgradeCheck = 1140;
				ORGANIZATIONNAME = liguohuai;
				TargetAttributes = {
					FBA4DE792436E0BE0068A6F2 = {
						CreatedOnToolsVersion = 11.4;
					};
				};
			};
			buildConfigurationList = FBA4DE752436E0BE0068A6F2 /* Build configuration list for PBXProject "AttributeString" */;
			compatibilityVersion = "Xcode 9.3";
			developmentRegion = en;
			hasScannedForEncodings = 0;
			knownRegions = (
				en,
				Base,
			);
			mainGroup = FBA4DE712436E0BE0068A6F2;
			productRefGroup = FBA4DE7B2436E0BE0068A6F2 /* Products */;
			projectDirPath = "";
			projectRoot = "";
			targets = (
				FBA4DE792436E0BE0068A6F2 /* AttributeString */,
			);
		};
/* End PBXProject section */

/* Begin PBXResourcesBuildPhase section */
		FBA4DE782436E0BE0068A6F2 /* Resources */ = {
			isa = PBXResourcesBuildPhase;
			buildActionMask = 2147483647;
			files = (
				FBA4DE8A2436E0C20068A6F2 /* LaunchScreen.storyboard in Resources */,
				FBA4DE872436E0C20068A6F2 /* Assets.xcassets in Resources */,
				FBA4DE852436E0BE0068A6F2 /* Main.storyboard in Resources */,
			);
			runOnlyForDeploymentPostprocessing = 0;
		};
/* End PBXResourcesBuildPhase section */

/* Begin PBXSourcesBuildPhase section */
		FBA4DE762436E0BE0068A6F2 /* Sources */ = {
			isa = PBXSourcesBuildPhase;
			buildActionMask = 2147483647;
			files = (
				FBA4DE822436E0BE0068A6F2 /* ViewController.swift in Sources */,
				FBA4DE7E2436E0BE0068A6F2 /* AppDelegate.swift in Sources */,
				FBA4DE802436E0BE0068A6F2 /* SceneDelegate.swift in Sources */,
			);
			runOnlyForDeploymentPostprocessing = 0;
		};
/* End PBXSourcesBuildPhase section */

/* Begin PBXVariantGroup section */
		FBA4DE832436E0BE0068A6F2 /* Main.storyboard */ = {
			isa = PBXVariantGroup;
			children = (
				FBA4DE842436E0BE0068A6F2 /* Base */,
			);
			name = Main.storyboard;
			sourceTree = "<group>";
		};
		FBA4DE882436E0C20068A6F2 /* LaunchScreen.storyboard */ = {
			isa = PBXVariantGroup;
			children = (
				FBA4DE892436E0C20068A6F2 /* Base */,
			);
			name = LaunchScreen.storyboard;
			sourceTree = "<group>";
		};
/* End PBXVariantGroup section */

/* Begin XCBuildConfiguration section */
		FBA4DE8C2436E0C20068A6F2 /* Debug */ = {
			isa = XCBuildConfiguration;
			buildSettings = {
				ALWAYS_SEARCH_USER_PATHS = NO;
				CLANG_ANALYZER_NONNULL = YES;
				CLANG_ANALYZER_NUMBER_OBJECT_CONVERSION = YES_AGGRESSIVE;
				CLANG_CXX_LANGUAGE_STANDARD = "gnu++14";
				CLANG_CXX_LIBRARY = "libc++";
				CLANG_ENABLE_MODULES = YES;
				CLANG_ENABLE_OBJC_ARC = YES;
				CLANG_ENABLE_OBJC_WEAK = YES;
				CLANG_WARN_BLOCK_CAPTURE_AUTORELEASING = YES;
				CLANG_WARN_BOOL_CONVERSION = YES;
				CLANG_WARN_COMMA = YES;
				CLANG_WARN_CONSTANT_CONVERSION = YES;
				CLANG_WARN_DEPRECATED_OBJC_IMPLEMENTATIONS = YES;
				CLANG_WARN_DIRECT_OBJC_ISA_USAGE = YES_ERROR;
				CLANG_WARN_DOCUMENTATION_COMMENTS = YES;
				CLANG_WARN_EMPTY_BODY = YES;
				CLANG_WARN_ENUM_CONVERSION = YES;
				CLANG_WARN_INFINITE_RECURSION = YES;
				CLANG_WARN_INT_CONVERSION = YES;
				CLANG_WARN_NON_LITERAL_NULL_CONVERSION = YES;
				CLANG_WARN_OBJC_IMPLICIT_RETAIN_SELF = YES;
				CLANG_WARN_OBJC_LITERAL_CONVERSION = YES;
				CLANG_WARN_OBJC_ROOT_CLASS = YES_ERROR;
				CLANG_WARN_RANGE_LOOP_ANALYSIS = YES;
				CLANG_WARN_STRICT_PROTOTYPES = YES;
				CLANG_WARN_SUSPICIOUS_MOVE = YES;
				CLANG_WARN_UNGUARDED_AVAILABILITY = YES_AGGRESSIVE;
				CLANG_WARN_UNREACHABLE_CODE = YES;
				CLANG_WARN__DUPLICATE_METHOD_MATCH = YES;
				COPY_PHASE_STRIP = NO;
				DEBUG_INFORMATION_FORMAT = dwarf;
				ENABLE_STRICT_OBJC_MSGSEND = YES;
				ENABLE_TESTABILITY = YES;
				GCC_C_LANGUAGE_STANDARD = gnu11;
				GCC_DYNAMIC_NO_PIC = NO;
				GCC_NO_COMMON_BLOCKS = YES;
				GCC_OPTIMIZATION_LEVEL = 0;
				GCC_PREPROCESSOR_DEFINITIONS = (
					"DEBUG=1",
					"$(inherited)",
				);
				GCC_WARN_64_TO_32_BIT_CONVERSION = YES;
				GCC_WARN_ABOUT_RETURN_TYPE = YES_ERROR;
				GCC_WARN_UNDECLARED_SELECTOR = YES;
				GCC_WARN_UNINITIALIZED_AUTOS = YES_AGGRESSIVE;
				GCC_WARN_UNUSED_FUNCTION = YES;
				GCC_WARN_UNUSED_VARIABLE = YES;
				IPHONEOS_DEPLOYMENT_TARGET = 13.4;
				MTL_ENABLE_DEBUG_INFO = INCLUDE_SOURCE;
				MTL_FAST_MATH = YES;
				ONLY_ACTIVE_ARCH = YES;
				SDKROOT = iphoneos;
				SWIFT_ACTIVE_COMPILATION_CONDITIONS = DEBUG;
				SWIFT_OPTIMIZATION_LEVEL = "-Onone";
			};
			name = Debug;
		};
		FBA4DE8D2436E0C20068A6F2 /* Release */ = {
			isa = XCBuildConfiguration;
			buildSettings = {
				ALWAYS_SEARCH_USER_PATHS = NO;
				CLANG_ANALYZER_NONNULL = YES;
				CLANG_ANALYZER_NUMBER_OBJECT_CONVERSION = YES_AGGRESSIVE;
				CLANG_CXX_LANGUAGE_STANDARD = "gnu++14";
				CLANG_CXX_LIBRARY = "libc++";
				CLANG_ENABLE_MODULES = YES;
				CLANG_ENABLE_OBJC_ARC = YES;
				CLANG_ENABLE_OBJC_WEAK = YES;
				CLANG_WARN_BLOCK_CAPTURE_AUTORELEASING = YES;
				CLANG_WARN_BOOL_CONVERSION = YES;
				CLANG_WARN_COMMA = YES;
				CLANG_WARN_CONSTANT_CONVERSION = YES;
				CLANG_WARN_DEPRECATED_OBJC_IMPLEMENTATIONS = YES;
				CLANG_WARN_DIRECT_OBJC_ISA_USAGE = YES_ERROR;
				CLANG_WARN_DOCUMENTATION_COMMENTS = YES;
				CLANG_WARN_EMPTY_BODY = YES;
				CLANG_WARN_ENUM_CONVERSION = YES;
				CLANG_WARN_INFINITE_RECURSION = YES;
				CLANG_WARN_INT_CONVERSION = YES;
				CLANG_WARN_NON_LITERAL_NULL_CONVERSION = YES;
				CLANG_WARN_OBJC_IMPLICIT_RETAIN_SELF = YES;
				CLANG_WARN_OBJC_LITERAL_CONVERSION = YES;
				CLANG_WARN_OBJC_ROOT_CLASS = YES_ERROR;
				CLANG_WARN_RANGE_LOOP_ANALYSIS = YES;
				CLANG_WARN_STRICT_PROTOTYPES = YES;
				CLANG_WARN_SUSPICIOUS_MOVE = YES;
				CLANG_WARN_UNGUARDED_AVAILABILITY = YES_AGGRESSIVE;
				CLANG_WARN_UNREACHABLE_CODE = YES;
				CLANG_WARN__DUPLICATE_METHOD_MATCH = YES;
				COPY_PHASE_STRIP = NO;
				DEBUG_INFORMATION_FORMAT = "dwarf-with-dsym";
				ENABLE_NS_ASSERTIONS = NO;
				ENABLE_STRICT_OBJC_MSGSEND = YES;
				GCC_C_LANGUAGE_STANDARD = gnu11;
				GCC_NO_COMMON_BLOCKS = YES;
				GCC_WARN_64_TO_32_BIT_CONVERSION = YES;
				GCC_WARN_ABOUT_RETURN_TYPE = YES_ERROR;
				GCC_WARN_UNDECLARED_SELECTOR = YES;
				GCC_WARN_UNINITIALIZED_AUTOS = YES_AGGRESSIVE;
				GCC_WARN_UNUSED_FUNCTION = YES;
				GCC_WARN_UNUSED_VARIABLE = YES;
				IPHONEOS_DEPLOYMENT_TARGET = 13.4;
				MTL_ENABLE_DEBUG_INFO = NO;
				MTL_FAST_MATH = YES;
				SDKROOT = iphoneos;
				SWIFT_COMPILATION_MODE = wholemodule;
				SWIFT_OPTIMIZATION_LEVEL = "-O";
				VALIDATE_PRODUCT = YES;
			};
			name = Release;
		};
		FBA4DE8F2436E0C20068A6F2 /* Debug */ = {
			isa = XCBuildConfiguration;
			buildSettings = {
				ASSETCATALOG_COMPILER_APPICON_NAME = AppIcon;
				CODE_SIGN_STYLE = Automatic;
				INFOPLIST_FILE = AttributeString/Info.plist;
				LD_RUNPATH_SEARCH_PATHS = (
					"$(inherited)",
					"@executable_path/Frameworks",
				);
				PRODUCT_BUNDLE_IDENTIFIER = guohuai.AttributeString;
				PRODUCT_NAME = "$(TARGET_NAME)";
				SWIFT_VERSION = 5.0;
				TARGETED_DEVICE_FAMILY = "1,2";
			};
			name = Debug;
		};
		FBA4DE902436E0C20068A6F2 /* Release */ = {
			isa = XCBuildConfiguration;
			buildSettings = {
				ASSETCATALOG_COMPILER_APPICON_NAME = AppIcon;
				CODE_SIGN_STYLE = Automatic;
				INFOPLIST_FILE = AttributeString/Info.plist;
				LD_RUNPATH_SEARCH_PATHS = (
					"$(inherited)",
					"@executable_path/Frameworks",
				);
				PRODUCT_BUNDLE_IDENTIFIER = guohuai.AttributeString;
				PRODUCT_NAME = "$(TARGET_NAME)";
				SWIFT_VERSION = 5.0;
				TARGETED_DEVICE_FAMILY = "1,2";
			};
			name = Release;
		};
/* End XCBuildConfiguration section */

/* Begin XCConfigurationList section */
		FBA4DE752436E0BE0068A6F2 /* Build configuration list for PBXProject "AttributeString" */ = {
			isa = XCConfigurationList;
			buildConfigurations = (
				FBA4DE8C2436E0C20068A6F2 /* Debug */,
				FBA4DE8D2436E0C20068A6F2 /* Release */,
			);
			defaultConfigurationIsVisible = 0;
			defaultConfigurationName = Release;
		};
		FBA4DE8E2436E0C20068A6F2 /* Build configuration list for PBXNativeTarget "AttributeString" */ = {
			isa = XCConfigurationList;
			buildConfigurations = (
				FBA4DE8F2436E0C20068A6F2 /* Debug */,
				FBA4DE902436E0C20068A6F2 /* Release */,
			);
			defaultConfigurationIsVisible = 0;
			defaultConfigurationName = Release;
		};
/* End XCConfigurationList section */
	};
	rootObject = FBA4DE722436E0BE0068A6F2 /* Project object */;
}
